
Microsoft Visual Studio Solution File, Format Version 12.00
Project("{FAE04EC0-301F-11D3-BF4B-00C04F79EFBC}") = "AirPlayCasting", "AirPlayCasting\AirPlayCasting.csproj", "{989D9372-CEB8-411A-BE0B-9DD36B467919}"
EndProject
Global
	GlobalSection(SolutionConfigurationPlatforms) = preSolution
		Debug|Any CPU = Debug|Any CPU
		Release|Any CPU = Release|Any CPU
	EndGlobalSection
	GlobalSection(ProjectConfigurationPlatforms) = postSolution
		{989D9372-CEB8-411A-BE0B-9DD36B467919}.Debug|Any CPU.ActiveCfg = Debug|Any CPU
		{989D9372-CEB8-411A-BE0B-9DD36B467919}.Debug|Any CPU.Build.0 = Debug|Any CPU
		{989D9372-CEB8-411A-BE0B-9DD36B467919}.Release|Any CPU.ActiveCfg = Release|Any CPU
		{989D9372-CEB8-411A-BE0B-9DD36B467919}.Release|Any CPU.Build.0 = Release|Any CPU
	EndGlobalSection
EndGlobal
